{
  "name": "magic-chess",
  "version": "0.0.0",
  "lockfileVersion": 1,
  "requires": true,
  "dependencies": {
    "chess.js": {
      "version": "1.0.0-beta.6",
      "resolved": "https://registry.npmjs.org/chess.js/-/chess.js-1.0.0-beta.6.tgz",
      "integrity": "sha512-sqBfX1VL3csSyqVM5ogbKA+aRlZyWDh276ruWXphwI0lDUMs7iYjZs29BOi49f7mXeunJE7cdfnIZhihsyLnsA=="
    },
    "chessboardjs": {
      "version": "0.0.1",
      "resolved": "https://registry.npmjs.org/chessboardjs/-/chessboardjs-0.0.1.tgz",
      "integrity": "sha512-VK8mGqWQ4fk3rKre5T17F9yIxJRP/L+oS29zXL0nuhQfY3rAoKcdyPZziR2S7AfNhqPL45VmdhdspcAFR9CXww=="
    }
  }
}
